<?xml version="1.0" encoding="UTF-8"?>
<!-- LaunchAction targets the container app "Alignment Charts" (product-type com.apple.product-type.application.messages): a .appex extension cannot be launched directly and needs a host, so Xcode runs the container Messages app, which loads the extension. -->
<Scheme
   LastUpgradeVersion = "2630"
   version = "1.7">
   <BuildAction
      parallelizeBuildables = "YES"
      buildImplicitDependencies = "YES"
      buildArchitectures = "Automatic">
      <BuildActionEntries>
         <BuildActionEntry
            buildForTesting = "YES"
            buildForRunning = "YES"
            buildForProfiling = "YES"
            buildForArchiving = "YES"
            buildForAnalyzing = "YES">
            <BuildableReference
               BuildableIdentifier = "primary"
               BlueprintIdentifier = "922540D5303668880055B0DD"
               BuildableName = "Alignment Charts.app"
               BlueprintName = "Alignment Charts"
               ReferencedContainer = "container:Alignment Charts.xcodeproj">
            </BuildableReference>
         </BuildActionEntry>
         <BuildActionEntry
            buildForTesting = "YES"
            buildForRunning = "YES"
            buildForProfiling = "YES"
            buildForArchiving = "YES"
            buildForAnalyzing = "YES">
            <BuildableReference
               BuildableIdentifier = "primary"
               BlueprintIdentifier = "922540DE303668890055B0DD"
               BuildableName = "Alignment Charts MessagesExtension.appex"
               BlueprintName = "Alignment Charts MessagesExtension"
               ReferencedContainer = "container:Alignment Charts.xcodeproj">
            </BuildableReference>
         </BuildActionEntry>
      </BuildActionEntries>
   </BuildAction>
   <LaunchAction
      buildConfiguration = "Debug"
      selectedDebuggerIdentifier = "Xcode.DebuggerFoundation.Debugger.LLDB"
      selectedLauncherIdentifier = "Xcode.DebuggerFoundation.Launcher.LLDB"
      launchStyle = "0"
      useCustomWorkingDirectory = "NO"
      ignoresPersistentStateOnLaunch = "NO"
      debugDocumentVersioning = "YES"
      debugServiceExtension = "internal"
      allowLocationSimulation = "YES">
      <BuildableProductRunnable
         runnableDebuggingMode = "0">
         <BuildableReference
            BuildableIdentifier = "primary"
            BlueprintIdentifier = "922540D5303668880055B0DD"
            BuildableName = "Alignment Charts.app"
            BlueprintName = "Alignment Charts"
            ReferencedContainer = "container:Alignment Charts.xcodeproj">
         </BuildableReference>
      </BuildableProductRunnable>
   </LaunchAction>
   <ProfileAction
      buildConfiguration = "Release"
      shouldUseLaunchSchemeArgsEnv = "YES"
      savedToolIdentifier = ""
      useCustomWorkingDirectory = "NO"
      debugDocumentVersioning = "YES">
      <BuildableProductRunnable
         runnableDebuggingMode = "0">
         <BuildableReference
            BuildableIdentifier = "primary"
            BlueprintIdentifier = "922540D5303668880055B0DD"
            BuildableName = "Alignment Charts.app"
            BlueprintName = "Alignment Charts"
            ReferencedContainer = "container:Alignment Charts.xcodeproj">
         </BuildableReference>
      </BuildableProductRunnable>
   </ProfileAction>
   <AnalyzeAction
      buildConfiguration = "Debug">
   </AnalyzeAction>
   <ArchiveAction
      buildConfiguration = "Release"
      revealArchiveInOrganizer = "YES">
      <BuildableReference
         BuildableIdentifier = "primary"
         BlueprintIdentifier = "922540D5303668880055B0DD"
         BuildableName = "Alignment Charts.app"
         BlueprintName = "Alignment Charts"
         ReferencedContainer = "container:Alignment Charts.xcodeproj">
      </BuildableReference>
   </ArchiveAction>
</Scheme>
